
Microsoft Visual Studio Solution File, Format Version 12.00
# Visual Studio Version 16
VisualStudioVersion = 16.0.29613.14
MinimumVisualStudioVersion = 10.0.40219.1
Project("{FAE04EC0-301F-11D3-BF4B-00C04F79EFBC}") = "Business", "Bll\Business.csproj", "{45666333-F6E8-4263-8C7F-662C7D4C4F6D}"
EndProject
Project("{FAE04EC0-301F-11D3-BF4B-00C04F79EFBC}") = "LakeDrummond", "LakeDrummondWebApp\LakeDrummond.csproj", "{9F684745-60BE-4B07-A9A0-02E98885251F}"
EndProject
Global
	GlobalSection(SolutionConfigurationPlatforms) = preSolution
		Debug|Any CPU = Debug|Any CPU
		Release|Any CPU = Release|Any CPU
	EndGlobalSection
	GlobalSection(ProjectConfigurationPlatforms) = postSolution
		{45666333-F6E8-4263-8C7F-662C7D4C4F6D}.Debug|Any CPU.ActiveCfg = Debug|Any CPU
		{45666333-F6E8-4263-8C7F-662C7D4C4F6D}.Debug|Any CPU.Build.0 = Debug|Any CPU
		{45666333-F6E8-4263-8C7F-662C7D4C4F6D}.Release|Any CPU.ActiveCfg = Release|Any CPU
		{45666333-F6E8-4263-8C7F-662C7D4C4F6D}.Release|Any CPU.Build.0 = Release|Any CPU
		{9F684745-60BE-4B07-A9A0-02E98885251F}.Debug|Any CPU.ActiveCfg = Debug|Any CPU
		{9F684745-60BE-4B07-A9A0-02E98885251F}.Debug|Any CPU.Build.0 = Debug|Any CPU
		{9F684745-60BE-4B07-A9A0-02E98885251F}.Release|Any CPU.ActiveCfg = Release|Any CPU
		{9F684745-60BE-4B07-A9A0-02E98885251F}.Release|Any CPU.Build.0 = Release|Any CPU
	EndGlobalSection
	GlobalSection(SolutionProperties) = preSolution
		HideSolutionNode = FALSE
	EndGlobalSection
	GlobalSection(ExtensibilityGlobals) = postSolution
		SolutionGuid = {003F9BB8-EE53-4883-A16D-3362EBE604E4}
	EndGlobalSection
EndGlobal
