
Microsoft Visual Studio Solution File, Format Version 12.00
# Visual Studio 15
VisualStudioVersion = 15.0.27703.2026
MinimumVisualStudioVersion = 10.0.40219.1
Project("{FAE04EC0-301F-11D3-BF4B-00C04F79EFBC}") = "LakeDrummond", "LakeDrummondWebApp\LakeDrummond.csproj", "{9F684745-60BE-4B07-A9A0-02E98885251F}"
EndProject
Project("{FAE04EC0-301F-11D3-BF4B-00C04F79EFBC}") = "Business", "Bll\Business.csproj", "{45666333-F6E8-4263-8C7F-662C7D4C4F6D}"
EndProject
Global
	GlobalSection(SolutionConfigurationPlatforms) = preSolution
		Debug|Any CPU = Debug|Any CPU
		Debug|ARM = Debug|ARM
		Debug|x64 = Debug|x64
		Debug|x86 = Debug|x86
		Release|Any CPU = Release|Any CPU
		Release|ARM = Release|ARM
		Release|x64 = Release|x64
		Release|x86 = Release|x86
	EndGlobalSection
	GlobalSection(ProjectConfigurationPlatforms) = postSolution
		{9F684745-60BE-4B07-A9A0-02E98885251F}.Debug|Any CPU.ActiveCfg = Debug|Any CPU
		{9F684745-60BE-4B07-A9A0-02E98885251F}.Debug|Any CPU.Build.0 = Debug|Any CPU
		{9F684745-60BE-4B07-A9A0-02E98885251F}.Debug|ARM.ActiveCfg = Debug|Any CPU
		{9F684745-60BE-4B07-A9A0-02E98885251F}.Debug|ARM.Build.0 = Debug|Any CPU
		{9F684745-60BE-4B07-A9A0-02E98885251F}.Debug|x64.ActiveCfg = Debug|Any CPU
		{9F684745-60BE-4B07-A9A0-02E98885251F}.Debug|x64.Build.0 = Debug|Any CPU
		{9F684745-60BE-4B07-A9A0-02E98885251F}.Debug|x86.ActiveCfg = Debug|Any CPU
		{9F684745-60BE-4B07-A9A0-02E98885251F}.Debug|x86.Build.0 = Debug|Any CPU
		{9F684745-60BE-4B07-A9A0-02E98885251F}.Release|Any CPU.ActiveCfg = Release|Any CPU
		{9F684745-60BE-4B07-A9A0-02E98885251F}.Release|Any CPU.Build.0 = Release|Any CPU
		{9F684745-60BE-4B07-A9A0-02E98885251F}.Release|ARM.ActiveCfg = Release|Any CPU
		{9F684745-60BE-4B07-A9A0-02E98885251F}.Release|ARM.Build.0 = Release|Any CPU
		{9F684745-60BE-4B07-A9A0-02E98885251F}.Release|x64.ActiveCfg = Release|Any CPU
		{9F684745-60BE-4B07-A9A0-02E98885251F}.Release|x64.Build.0 = Release|Any CPU
		{9F684745-60BE-4B07-A9A0-02E98885251F}.Release|x86.ActiveCfg = Release|Any CPU
		{9F684745-60BE-4B07-A9A0-02E98885251F}.Release|x86.Build.0 = Release|Any CPU
		{45666333-F6E8-4263-8C7F-662C7D4C4F6D}.Debug|Any CPU.ActiveCfg = Debug|Any CPU
		{45666333-F6E8-4263-8C7F-662C7D4C4F6D}.Debug|Any CPU.Build.0 = Debug|Any CPU
		{45666333-F6E8-4263-8C7F-662C7D4C4F6D}.Debug|ARM.ActiveCfg = Debug|Any CPU
		{45666333-F6E8-4263-8C7F-662C7D4C4F6D}.Debug|ARM.Build.0 = Debug|Any CPU
		{45666333-F6E8-4263-8C7F-662C7D4C4F6D}.Debug|x64.ActiveCfg = Debug|Any CPU
		{45666333-F6E8-4263-8C7F-662C7D4C4F6D}.Debug|x64.Build.0 = Debug|Any CPU
		{45666333-F6E8-4263-8C7F-662C7D4C4F6D}.Debug|x86.ActiveCfg = Debug|Any CPU
		{45666333-F6E8-4263-8C7F-662C7D4C4F6D}.Debug|x86.Build.0 = Debug|Any CPU
		{45666333-F6E8-4263-8C7F-662C7D4C4F6D}.Release|Any CPU.ActiveCfg = Release|Any CPU
		{45666333-F6E8-4263-8C7F-662C7D4C4F6D}.Release|Any CPU.Build.0 = Release|Any CPU
		{45666333-F6E8-4263-8C7F-662C7D4C4F6D}.Release|ARM.ActiveCfg = Release|Any CPU
		{45666333-F6E8-4263-8C7F-662C7D4C4F6D}.Release|ARM.Build.0 = Release|Any CPU
		{45666333-F6E8-4263-8C7F-662C7D4C4F6D}.Release|x64.ActiveCfg = Release|Any CPU
		{45666333-F6E8-4263-8C7F-662C7D4C4F6D}.Release|x64.Build.0 = Release|Any CPU
		{45666333-F6E8-4263-8C7F-662C7D4C4F6D}.Release|x86.ActiveCfg = Release|Any CPU
		{45666333-F6E8-4263-8C7F-662C7D4C4F6D}.Release|x86.Build.0 = Release|Any CPU
	EndGlobalSection
	GlobalSection(SolutionProperties) = preSolution
		HideSolutionNode = FALSE
	EndGlobalSection
	GlobalSection(ExtensibilityGlobals) = postSolution
		SolutionGuid = {AA7CE1FA-522E-4918-A9AF-948729E881A7}
	EndGlobalSection
EndGlobal
